
Microsoft Visual Studio Solution File, Format Version 12.00
# Visual Studio 14
VisualStudioVersion = 14.0.24720.0
MinimumVisualStudioVersion = 10.0.40219.1
Project("{8BC9CEB8-8B4A-11D0-8D11-00A0C91BC942}") = "Matterbot", "Matterbot\Matterbot.vcxproj", "{09DC1DE3-3212-4ADE-8C51-836AF911ACA5}"
EndProject
Project("{8BC9CEB8-8B4A-11D0-8D11-00A0C91BC942}") = "MatterbotSample", "MatterbotSample\MatterbotSample.vcxproj", "{0D17CE9B-1602-460A-9380-D954CCF1969F}"
	ProjectSection(ProjectDependencies) = postProject
		{09DC1DE3-3212-4ADE-8C51-836AF911ACA5} = {09DC1DE3-3212-4ADE-8C51-836AF911ACA5}
	EndProjectSection
EndProject
Global
	GlobalSection(SolutionConfigurationPlatforms) = preSolution
		Debug|x64 = Debug|x64
		Debug|x86 = Debug|x86
		Release|x64 = Release|x64
		Release|x86 = Release|x86
	EndGlobalSection
	GlobalSection(ProjectConfigurationPlatforms) = postSolution
		{09DC1DE3-3212-4ADE-8C51-836AF911ACA5}.Debug|x64.ActiveCfg = Debug|x64
		{09DC1DE3-3212-4ADE-8C51-836AF911ACA5}.Debug|x64.Build.0 = Debug|x64
		{09DC1DE3-3212-4ADE-8C51-836AF911ACA5}.Debug|x86.ActiveCfg = Debug|Win32
		{09DC1DE3-3212-4ADE-8C51-836AF911ACA5}.Debug|x86.Build.0 = Debug|Win32
		{09DC1DE3-3212-4ADE-8C51-836AF911ACA5}.Release|x64.ActiveCfg = Release|x64
		{09DC1DE3-3212-4ADE-8C51-836AF911ACA5}.Release|x64.Build.0 = Release|x64
		{09DC1DE3-3212-4ADE-8C51-836AF911ACA5}.Release|x86.ActiveCfg = Release|Win32
		{09DC1DE3-3212-4ADE-8C51-836AF911ACA5}.Release|x86.Build.0 = Release|Win32
		{0D17CE9B-1602-460A-9380-D954CCF1969F}.Debug|x64.ActiveCfg = Debug|x64
		{0D17CE9B-1602-460A-9380-D954CCF1969F}.Debug|x64.Build.0 = Debug|x64
		{0D17CE9B-1602-460A-9380-D954CCF1969F}.Debug|x86.ActiveCfg = Debug|Win32
		{0D17CE9B-1602-460A-9380-D954CCF1969F}.Debug|x86.Build.0 = Debug|Win32
		{0D17CE9B-1602-460A-9380-D954CCF1969F}.Release|x64.ActiveCfg = Release|x64
		{0D17CE9B-1602-460A-9380-D954CCF1969F}.Release|x64.Build.0 = Release|x64
		{0D17CE9B-1602-460A-9380-D954CCF1969F}.Release|x86.ActiveCfg = Release|Win32
		{0D17CE9B-1602-460A-9380-D954CCF1969F}.Release|x86.Build.0 = Release|Win32
	EndGlobalSection
	GlobalSection(SolutionProperties) = preSolution
		HideSolutionNode = FALSE
	EndGlobalSection
EndGlobal
